{
  "schema_version": 1,
  "skills": {
    "carbin-illustrations": {
      "source": "https://github.com/helloianneo/ian-xiaohei-illustrations",
      "revision": "91b560849e8f883922cc2fa8a358a668caa94105",
      "revision_basis": "upstream revision recorded in the local NOTICE.md",
      "content_relation": "locally adapted Chinese workflow; original sample images and character not copied",
      "license": "MIT",
      "license_file": "third_party_licenses/carbin-illustrations-LICENSE.txt",
      "tracking": "local-adapted-snapshot"
    },
    "codex-session-controller": {
      "tracking": "local-authored-snapshot"
    },
    "agent-reach": {
      "source": "https://github.com/Panniantong/Agent-Reach",
      "revision": "93ae1d18c37b707dec053c7c4f9d91cd8ef8943d",
      "revision_basis": "upstream HEAD at the 2026-08-23 legacy import cutoff",
      "content_relation": "locally modified from pinned upstream revision; conditional Crawl4AI web routing",
      "license": "MIT",
      "license_file": "third_party_licenses/agent-reach-LICENSE.txt",
      "tracking": "legacy-snapshot"
    },
    "last30days": {
      "source": "https://github.com/mvanhorn/last30days-skill",
      "version": "3.21.0",
      "revision": "c7460f6114449ddfe6ea3fc2f23c3d910c0e740c",
      "revision_basis": "upstream tag v3.21.0",
      "content_relation": "exact SKILL.md match",
      "license": "MIT",
      "license_file": "third_party_licenses/last30days-LICENSE.txt",
      "tracking": "pinned-snapshot"
    },
    "customer-research": {
      "source": "https://github.com/coreyhaines31/marketingskills",
      "version": "2.0.1",
      "revision": "114587831efbe7ac5c0a86afcb69e9cca6f728ce",
      "revision_basis": "upstream tag v2.0.1",
      "content_relation": "locally modified from pinned upstream revision",
      "license": "MIT",
      "license_file": "third_party_licenses/customer-research-LICENSE.txt",
      "tracking": "pinned-snapshot"
    },
    "design-macos-apps": {
      "tracking": "local-authored-snapshot"
    },
    "interaction-design": {
      "tracking": "local-authored-snapshot"
    },
    "ln-51-opportunity-evaluator": {
      "tracking": "local-authored-snapshot"
    },
    "multi-agent-orchestration": {
      "tracking": "local-authored-snapshot"
    },
    "my-wiki-link": {
      "tracking": "local-authored-snapshot"
    },
    "north-america-market-entry": {
      "tracking": "local-authored-snapshot"
    },
    "skill-upper": {
      "source": "https://github.com/alibaba/skill-up",
      "revision": "85661758ff443dc16e57fd9bf66639334fb11416",
      "revision_basis": "upstream HEAD at the 2026-08-23 legacy import cutoff",
      "content_relation": "locally modified from pinned upstream revision",
      "license": "Apache-2.0",
      "license_file": "third_party_licenses/skill-upper-LICENSE.txt",
      "tracking": "legacy-snapshot"
    },
    "teach": {
      "source": "https://github.com/mattpocock/skills",
      "revision": "5b15a47f2d7150f545fbcacbfe381787fc0230dc",
      "revision_basis": "upstream HEAD at the 2026-08-23 legacy import cutoff",
      "content_relation": "locally modified from pinned upstream revision",
      "license": "MIT",
      "license_file": "third_party_licenses/teach-LICENSE.txt",
      "tracking": "legacy-snapshot"
    },
    "typeless-ui-style": {
      "tracking": "local-authored-snapshot",
      "reference_product": "Typeless 2.7.0 settings screenshot is observational evidence, not an official design system"
    },
    "evidence-gate": {
      "tracking": "local-authored-snapshot",
      "vendored_dependencies": {
        "bashlex": {
          "source": "https://github.com/idank/bashlex",
          "revision": "ae1e11a8227d7ca8531b94c7fe821b83bd714ca5",
          "version": "0.18",
          "revision_basis": "upstream tag 0.18; runtime sources and LICENSE matched Git blobs",
          "content_relation": "12 runtime Python sources; redact only historical contact email in yacc.py while retaining Elias Ioup attribution and full copyright/license; omit generated parsetab, install metadata and caches",
          "license": "GPL-3.0-or-later; yacc.py retains BSD-3-Clause notice",
          "license_file": "third_party_licenses/bashlex-LICENSE.txt"
        },
        "ply-yacc": {
          "source": "https://github.com/dabeaz/ply",
          "content_relation": "BSD-3-Clause notice retained as bundled in bashlex 0.18; direct upstream revision not independently established",
          "license": "BSD-3-Clause",
          "license_file": "third_party_licenses/bashlex-PLY-LICENSE.txt"
        }
      }
    }
  }
}
